
Microsoft Visual Studio Solution File, Format Version 10.00
# Visual Studio 2008
Project("{FAE04EC0-301F-11D3-BF4B-00C04F79EFBC}") = "BHO_helloWorld", "BHO_helloWorld\BHO_helloWorld.csproj", "{EABC23CD-C591-46C1-AF9E-91F12E0D88BA}"
EndProject
Project("{FAE04EC0-301F-11D3-BF4B-00C04F79EFBC}") = "una_register", "una_register\una_register.csproj", "{6ECF3DE4-DD3E-44E3-9334-426AB6B86525}"
EndProject
Global
	GlobalSection(SubversionScc) = preSolution
		Svn-Managed = True
		Manager = AnkhSVN - Subversion Support for Visual Studio
	EndGlobalSection
	GlobalSection(SolutionConfigurationPlatforms) = preSolution
		Debug|Any CPU = Debug|Any CPU
		Release|Any CPU = Release|Any CPU
	EndGlobalSection
	GlobalSection(ProjectConfigurationPlatforms) = postSolution
		{EABC23CD-C591-46C1-AF9E-91F12E0D88BA}.Debug|Any CPU.ActiveCfg = Debug|Any CPU
		{EABC23CD-C591-46C1-AF9E-91F12E0D88BA}.Debug|Any CPU.Build.0 = Debug|Any CPU
		{EABC23CD-C591-46C1-AF9E-91F12E0D88BA}.Release|Any CPU.ActiveCfg = Release|Any CPU
		{EABC23CD-C591-46C1-AF9E-91F12E0D88BA}.Release|Any CPU.Build.0 = Release|Any CPU
		{6ECF3DE4-DD3E-44E3-9334-426AB6B86525}.Debug|Any CPU.ActiveCfg = Debug|Any CPU
		{6ECF3DE4-DD3E-44E3-9334-426AB6B86525}.Debug|Any CPU.Build.0 = Debug|Any CPU
		{6ECF3DE4-DD3E-44E3-9334-426AB6B86525}.Release|Any CPU.ActiveCfg = Release|Any CPU
		{6ECF3DE4-DD3E-44E3-9334-426AB6B86525}.Release|Any CPU.Build.0 = Release|Any CPU
	EndGlobalSection
	GlobalSection(SolutionProperties) = preSolution
		HideSolutionNode = FALSE
	EndGlobalSection
EndGlobal
